
Microsoft Visual Studio Solution File, Format Version 12.00
# Visual Studio Version 17
VisualStudioVersion = 17.10.35027.167
MinimumVisualStudioVersion = 10.0.40219.1
Project("{FAE04EC0-301F-11D3-BF4B-00C04F79EFBC}") = "CSharpCourseProject", "..\CSharpCourseProject\CSharpCourseProject.csproj", "{B77C56A4-215F-40D6-9C17-3800F62DBEAD}"
EndProject
Global
	GlobalSection(SolutionConfigurationPlatforms) = preSolution
		Debug|Any CPU = Debug|Any CPU
		Release|Any CPU = Release|Any CPU
	EndGlobalSection
	GlobalSection(ProjectConfigurationPlatforms) = postSolution
		{B77C56A4-215F-40D6-9C17-3800F62DBEAD}.Debug|Any CPU.ActiveCfg = Debug|Any CPU
		{B77C56A4-215F-40D6-9C17-3800F62DBEAD}.Debug|Any CPU.Build.0 = Debug|Any CPU
		{B77C56A4-215F-40D6-9C17-3800F62DBEAD}.Release|Any CPU.ActiveCfg = Release|Any CPU
		{B77C56A4-215F-40D6-9C17-3800F62DBEAD}.Release|Any CPU.Build.0 = Release|Any CPU
	EndGlobalSection
	GlobalSection(SolutionProperties) = preSolution
		HideSolutionNode = FALSE
	EndGlobalSection
	GlobalSection(ExtensibilityGlobals) = postSolution
		SolutionGuid = {B1645170-B078-4276-A969-AAE5987EF1B5}
	EndGlobalSection
EndGlobal
